
Microsoft Visual Studio Solution File, Format Version 12.00
# Visual Studio Version 16
VisualStudioVersion = 16.0.31515.178
MinimumVisualStudioVersion = 10.0.40219.1
Project("{8BC9CEB8-8B4A-11D0-8D11-00A0C91BC942}") = "real game of life", "real game of life.vcxproj", "{D857B5F3-EFCA-47E9-9337-0EC5D49E89AA}"
EndProject
Global
	GlobalSection(SolutionConfigurationPlatforms) = preSolution
		Debug|x64 = Debug|x64
		Debug|x86 = Debug|x86
		Release|x64 = Release|x64
		Release|x86 = Release|x86
	EndGlobalSection
	GlobalSection(ProjectConfigurationPlatforms) = postSolution
		{D857B5F3-EFCA-47E9-9337-0EC5D49E89AA}.Debug|x64.ActiveCfg = Debug|x64
		{D857B5F3-EFCA-47E9-9337-0EC5D49E89AA}.Debug|x64.Build.0 = Debug|x64
		{D857B5F3-EFCA-47E9-9337-0EC5D49E89AA}.Debug|x86.ActiveCfg = Debug|Win32
		{D857B5F3-EFCA-47E9-9337-0EC5D49E89AA}.Debug|x86.Build.0 = Debug|Win32
		{D857B5F3-EFCA-47E9-9337-0EC5D49E89AA}.Release|x64.ActiveCfg = Release|x64
		{D857B5F3-EFCA-47E9-9337-0EC5D49E89AA}.Release|x64.Build.0 = Release|x64
		{D857B5F3-EFCA-47E9-9337-0EC5D49E89AA}.Release|x86.ActiveCfg = Release|Win32
		{D857B5F3-EFCA-47E9-9337-0EC5D49E89AA}.Release|x86.Build.0 = Release|Win32
	EndGlobalSection
	GlobalSection(SolutionProperties) = preSolution
		HideSolutionNode = FALSE
	EndGlobalSection
	GlobalSection(ExtensibilityGlobals) = postSolution
		SolutionGuid = {C8A5402E-DFC7-416D-A3D5-A160FB6FFE25}
	EndGlobalSection
EndGlobal
